
Microsoft Visual Studio Solution File, Format Version 12.00
Project("{FAE04EC0-301F-11D3-BF4B-00C04F79EFBC}") = "ConsoleApp1", "ConsoleApp1\ConsoleApp1.csproj", "{4B4D5DF1-C159-4E42-BAAA-2FB79C9218CB}"
EndProject
Global
	GlobalSection(SolutionConfigurationPlatforms) = preSolution
		Debug|Any CPU = Debug|Any CPU
		Release|Any CPU = Release|Any CPU
	EndGlobalSection
	GlobalSection(ProjectConfigurationPlatforms) = postSolution
		{4B4D5DF1-C159-4E42-BAAA-2FB79C9218CB}.Debug|Any CPU.ActiveCfg = Debug|Any CPU
		{4B4D5DF1-C159-4E42-BAAA-2FB79C9218CB}.Debug|Any CPU.Build.0 = Debug|Any CPU
		{4B4D5DF1-C159-4E42-BAAA-2FB79C9218CB}.Release|Any CPU.ActiveCfg = Release|Any CPU
		{4B4D5DF1-C159-4E42-BAAA-2FB79C9218CB}.Release|Any CPU.Build.0 = Release|Any CPU
	EndGlobalSection
EndGlobal
