
Microsoft Visual Studio Solution File, Format Version 12.00
Project("{FAE04EC0-301F-11D3-BF4B-00C04F79EFBC}") = "lab3", "lab3\lab3.csproj", "{191D70D6-2076-4997-8DC0-2A3379DDB43A}"
EndProject
Global
	GlobalSection(SolutionConfigurationPlatforms) = preSolution
		Debug|Any CPU = Debug|Any CPU
		Release|Any CPU = Release|Any CPU
	EndGlobalSection
	GlobalSection(ProjectConfigurationPlatforms) = postSolution
		{191D70D6-2076-4997-8DC0-2A3379DDB43A}.Debug|Any CPU.ActiveCfg = Debug|Any CPU
		{191D70D6-2076-4997-8DC0-2A3379DDB43A}.Debug|Any CPU.Build.0 = Debug|Any CPU
		{191D70D6-2076-4997-8DC0-2A3379DDB43A}.Release|Any CPU.ActiveCfg = Release|Any CPU
		{191D70D6-2076-4997-8DC0-2A3379DDB43A}.Release|Any CPU.Build.0 = Release|Any CPU
	EndGlobalSection
EndGlobal
