
Microsoft Visual Studio Solution File, Format Version 12.00
Project("{FAE04EC0-301F-11D3-BF4B-00C04F79EFBC}") = "oop_lab2", "oop_lab2\oop_lab2.csproj", "{F130B1F1-2365-44F6-A552-D0B09E7E5A9F}"
EndProject
Global
	GlobalSection(SolutionConfigurationPlatforms) = preSolution
		Debug|Any CPU = Debug|Any CPU
		Release|Any CPU = Release|Any CPU
	EndGlobalSection
	GlobalSection(ProjectConfigurationPlatforms) = postSolution
		{F130B1F1-2365-44F6-A552-D0B09E7E5A9F}.Debug|Any CPU.ActiveCfg = Debug|Any CPU
		{F130B1F1-2365-44F6-A552-D0B09E7E5A9F}.Debug|Any CPU.Build.0 = Debug|Any CPU
		{F130B1F1-2365-44F6-A552-D0B09E7E5A9F}.Release|Any CPU.ActiveCfg = Release|Any CPU
		{F130B1F1-2365-44F6-A552-D0B09E7E5A9F}.Release|Any CPU.Build.0 = Release|Any CPU
	EndGlobalSection
EndGlobal
